
Microsoft Visual Studio Solution File, Format Version 12.00
# Visual Studio 15
VisualStudioVersion = 15.0.28307.329
MinimumVisualStudioVersion = 10.0.40219.1
Project("{FAE04EC0-301F-11D3-BF4B-00C04F79EFBC}") = "EasyDeploy", "EasyDeploy\EasyDeploy.csproj", "{A18CA7C8-E5F3-42D1-8AA7-E13D4027D7ED}"
EndProject
Global
	GlobalSection(SolutionConfigurationPlatforms) = preSolution
		Debug|Any CPU = Debug|Any CPU
		Release|Any CPU = Release|Any CPU
	EndGlobalSection
	GlobalSection(ProjectConfigurationPlatforms) = postSolution
		{A18CA7C8-E5F3-42D1-8AA7-E13D4027D7ED}.Debug|Any CPU.ActiveCfg = Debug|Any CPU
		{A18CA7C8-E5F3-42D1-8AA7-E13D4027D7ED}.Debug|Any CPU.Build.0 = Debug|Any CPU
		{A18CA7C8-E5F3-42D1-8AA7-E13D4027D7ED}.Release|Any CPU.ActiveCfg = Release|Any CPU
		{A18CA7C8-E5F3-42D1-8AA7-E13D4027D7ED}.Release|Any CPU.Build.0 = Release|Any CPU
	EndGlobalSection
	GlobalSection(SolutionProperties) = preSolution
		HideSolutionNode = FALSE
	EndGlobalSection
	GlobalSection(ExtensibilityGlobals) = postSolution
		SolutionGuid = {4C132CBC-7A74-4926-A5A7-D934F2B6982A}
	EndGlobalSection
EndGlobal
